
Microsoft Visual Studio Solution File, Format Version 12.00
# Visual Studio Version 17
VisualStudioVersion = 17.5.33424.131
MinimumVisualStudioVersion = 10.0.40219.1
Project("{9A19103F-16F7-4668-BE54-9A1E7A4F7556}") = "RedeTestCase.API", "RedeTestCase\RedeTestCase.API.csproj", "{6D1EA509-A6C8-458B-9A3E-91FD286E6B5D}"
EndProject
Project("{9A19103F-16F7-4668-BE54-9A1E7A4F7556}") = "RedeTestCase.Domain", "RedeTestCase.Domain\RedeTestCase.Domain.csproj", "{7031ABC0-AD12-4B88-AAFA-5B180633FF48}"
EndProject
Project("{9A19103F-16F7-4668-BE54-9A1E7A4F7556}") = "RedeTestCase.Infrastructure", "RedeTestCase.Infrastructure\RedeTestCase.Infrastructure.csproj", "{1A20524F-49B3-4DD9-8DE0-CD83EB7AF3BE}"
EndProject
Project("{9A19103F-16F7-4668-BE54-9A1E7A4F7556}") = "RedeTestCase.Tests", "RedeTestCase.Tests\RedeTestCase.Tests.csproj", "{1BF9DECF-12E0-4D83-B742-6F6FDAB98821}"
EndProject
Project("{2150E333-8FDC-42A3-9474-1A3956D46DE8}") = "Solution Items", "Solution Items", "{647CBA09-9395-4088-A82F-FCB8E3D2DC0D}"
	ProjectSection(SolutionItems) = preProject
		README.md = README.md
	EndProjectSection
EndProject
Global
	GlobalSection(SolutionConfigurationPlatforms) = preSolution
		Debug|Any CPU = Debug|Any CPU
		Release|Any CPU = Release|Any CPU
	EndGlobalSection
	GlobalSection(ProjectConfigurationPlatforms) = postSolution
		{6D1EA509-A6C8-458B-9A3E-91FD286E6B5D}.Debug|Any CPU.ActiveCfg = Debug|Any CPU
		{6D1EA509-A6C8-458B-9A3E-91FD286E6B5D}.Debug|Any CPU.Build.0 = Debug|Any CPU
		{6D1EA509-A6C8-458B-9A3E-91FD286E6B5D}.Release|Any CPU.ActiveCfg = Release|Any CPU
		{6D1EA509-A6C8-458B-9A3E-91FD286E6B5D}.Release|Any CPU.Build.0 = Release|Any CPU
		{7031ABC0-AD12-4B88-AAFA-5B180633FF48}.Debug|Any CPU.ActiveCfg = Debug|Any CPU
		{7031ABC0-AD12-4B88-AAFA-5B180633FF48}.Debug|Any CPU.Build.0 = Debug|Any CPU
		{7031ABC0-AD12-4B88-AAFA-5B180633FF48}.Release|Any CPU.ActiveCfg = Release|Any CPU
		{7031ABC0-AD12-4B88-AAFA-5B180633FF48}.Release|Any CPU.Build.0 = Release|Any CPU
		{1A20524F-49B3-4DD9-8DE0-CD83EB7AF3BE}.Debug|Any CPU.ActiveCfg = Debug|Any CPU
		{1A20524F-49B3-4DD9-8DE0-CD83EB7AF3BE}.Debug|Any CPU.Build.0 = Debug|Any CPU
		{1A20524F-49B3-4DD9-8DE0-CD83EB7AF3BE}.Release|Any CPU.ActiveCfg = Release|Any CPU
		{1A20524F-49B3-4DD9-8DE0-CD83EB7AF3BE}.Release|Any CPU.Build.0 = Release|Any CPU
		{1BF9DECF-12E0-4D83-B742-6F6FDAB98821}.Debug|Any CPU.ActiveCfg = Debug|Any CPU
		{1BF9DECF-12E0-4D83-B742-6F6FDAB98821}.Debug|Any CPU.Build.0 = Debug|Any CPU
		{1BF9DECF-12E0-4D83-B742-6F6FDAB98821}.Release|Any CPU.ActiveCfg = Release|Any CPU
		{1BF9DECF-12E0-4D83-B742-6F6FDAB98821}.Release|Any CPU.Build.0 = Release|Any CPU
	EndGlobalSection
	GlobalSection(SolutionProperties) = preSolution
		HideSolutionNode = FALSE
	EndGlobalSection
	GlobalSection(ExtensibilityGlobals) = postSolution
		SolutionGuid = {9E4FAEBB-7642-4696-9C55-64039550891C}
	EndGlobalSection
EndGlobal
